
Microsoft Visual Studio Solution File, Format Version 12.00
# Visual Studio Version 16
VisualStudioVersion = 16.0.30413.136
MinimumVisualStudioVersion = 10.0.40219.1
Project("{FAE04EC0-301F-11D3-BF4B-00C04F79EFBC}") = "SyncfusionChatUI.Android", "SyncfusionChatUI.Android\SyncfusionChatUI.Android.csproj", "{024E9E5C-714B-403F-A150-40F96619A90F}"
EndProject
Project("{FAE04EC0-301F-11D3-BF4B-00C04F79EFBC}") = "SyncfusionChatUI.iOS", "SyncfusionChatUI.iOS\SyncfusionChatUI.iOS.csproj", "{9696C692-AE95-406C-92A8-03BD0B1B9365}"
EndProject
Project("{FAE04EC0-301F-11D3-BF4B-00C04F79EFBC}") = "SyncfusionChatUI", "SyncfusionChatUI\SyncfusionChatUI.csproj", "{EC10D27E-FD08-4750-841C-C684D3D37013}"
EndProject
Global
	GlobalSection(SolutionConfigurationPlatforms) = preSolution
		Debug|Any CPU = Debug|Any CPU
		Debug|iPhone = Debug|iPhone
		Debug|iPhoneSimulator = Debug|iPhoneSimulator
		Release|Any CPU = Release|Any CPU
		Release|iPhone = Release|iPhone
		Release|iPhoneSimulator = Release|iPhoneSimulator
	EndGlobalSection
	GlobalSection(ProjectConfigurationPlatforms) = postSolution
		{024E9E5C-714B-403F-A150-40F96619A90F}.Debug|Any CPU.ActiveCfg = Debug|Any CPU
		{024E9E5C-714B-403F-A150-40F96619A90F}.Debug|Any CPU.Build.0 = Debug|Any CPU
		{024E9E5C-714B-403F-A150-40F96619A90F}.Debug|Any CPU.Deploy.0 = Debug|Any CPU
		{024E9E5C-714B-403F-A150-40F96619A90F}.Debug|iPhone.ActiveCfg = Debug|Any CPU
		{024E9E5C-714B-403F-A150-40F96619A90F}.Debug|iPhone.Build.0 = Debug|Any CPU
		{024E9E5C-714B-403F-A150-40F96619A90F}.Debug|iPhone.Deploy.0 = Debug|Any CPU
		{024E9E5C-714B-403F-A150-40F96619A90F}.Debug|iPhoneSimulator.ActiveCfg = Debug|Any CPU
		{024E9E5C-714B-403F-A150-40F96619A90F}.Debug|iPhoneSimulator.Build.0 = Debug|Any CPU
		{024E9E5C-714B-403F-A150-40F96619A90F}.Debug|iPhoneSimulator.Deploy.0 = Debug|Any CPU
		{024E9E5C-714B-403F-A150-40F96619A90F}.Release|Any CPU.ActiveCfg = Release|Any CPU
		{024E9E5C-714B-403F-A150-40F96619A90F}.Release|Any CPU.Build.0 = Release|Any CPU
		{024E9E5C-714B-403F-A150-40F96619A90F}.Release|Any CPU.Deploy.0 = Release|Any CPU
		{024E9E5C-714B-403F-A150-40F96619A90F}.Release|iPhone.ActiveCfg = Release|Any CPU
		{024E9E5C-714B-403F-A150-40F96619A90F}.Release|iPhone.Build.0 = Release|Any CPU
		{024E9E5C-714B-403F-A150-40F96619A90F}.Release|iPhone.Deploy.0 = Release|Any CPU
		{024E9E5C-714B-403F-A150-40F96619A90F}.Release|iPhoneSimulator.ActiveCfg = Release|Any CPU
		{024E9E5C-714B-403F-A150-40F96619A90F}.Release|iPhoneSimulator.Build.0 = Release|Any CPU
		{024E9E5C-714B-403F-A150-40F96619A90F}.Release|iPhoneSimulator.Deploy.0 = Release|Any CPU
		{9696C692-AE95-406C-92A8-03BD0B1B9365}.Debug|Any CPU.ActiveCfg = Debug|iPhone
		{9696C692-AE95-406C-92A8-03BD0B1B9365}.Debug|Any CPU.Build.0 = Debug|iPhone
		{9696C692-AE95-406C-92A8-03BD0B1B9365}.Debug|Any CPU.Deploy.0 = Debug|iPhone
		{9696C692-AE95-406C-92A8-03BD0B1B9365}.Debug|iPhone.ActiveCfg = Debug|iPhone
		{9696C692-AE95-406C-92A8-03BD0B1B9365}.Debug|iPhone.Build.0 = Debug|iPhone
		{9696C692-AE95-406C-92A8-03BD0B1B9365}.Debug|iPhone.Deploy.0 = Debug|iPhone
		{9696C692-AE95-406C-92A8-03BD0B1B9365}.Debug|iPhoneSimulator.ActiveCfg = Debug|iPhoneSimulator
		{9696C692-AE95-406C-92A8-03BD0B1B9365}.Debug|iPhoneSimulator.Build.0 = Debug|iPhoneSimulator
		{9696C692-AE95-406C-92A8-03BD0B1B9365}.Debug|iPhoneSimulator.Deploy.0 = Debug|iPhoneSimulator
		{9696C692-AE95-406C-92A8-03BD0B1B9365}.Release|Any CPU.ActiveCfg = Release|iPhone
		{9696C692-AE95-406C-92A8-03BD0B1B9365}.Release|Any CPU.Build.0 = Release|iPhone
		{9696C692-AE95-406C-92A8-03BD0B1B9365}.Release|Any CPU.Deploy.0 = Release|iPhone
		{9696C692-AE95-406C-92A8-03BD0B1B9365}.Release|iPhone.ActiveCfg = Release|iPhone
		{9696C692-AE95-406C-92A8-03BD0B1B9365}.Release|iPhone.Build.0 = Release|iPhone
		{9696C692-AE95-406C-92A8-03BD0B1B9365}.Release|iPhone.Deploy.0 = Release|iPhone
		{9696C692-AE95-406C-92A8-03BD0B1B9365}.Release|iPhoneSimulator.ActiveCfg = Release|iPhoneSimulator
		{9696C692-AE95-406C-92A8-03BD0B1B9365}.Release|iPhoneSimulator.Build.0 = Release|iPhoneSimulator
		{9696C692-AE95-406C-92A8-03BD0B1B9365}.Release|iPhoneSimulator.Deploy.0 = Release|iPhoneSimulator
		{EC10D27E-FD08-4750-841C-C684D3D37013}.Debug|Any CPU.ActiveCfg = Debug|Any CPU
		{EC10D27E-FD08-4750-841C-C684D3D37013}.Debug|Any CPU.Build.0 = Debug|Any CPU
		{EC10D27E-FD08-4750-841C-C684D3D37013}.Debug|Any CPU.Deploy.0 = Debug|Any CPU
		{EC10D27E-FD08-4750-841C-C684D3D37013}.Debug|iPhone.ActiveCfg = Debug|Any CPU
		{EC10D27E-FD08-4750-841C-C684D3D37013}.Debug|iPhone.Build.0 = Debug|Any CPU
		{EC10D27E-FD08-4750-841C-C684D3D37013}.Debug|iPhone.Deploy.0 = Debug|Any CPU
		{EC10D27E-FD08-4750-841C-C684D3D37013}.Debug|iPhoneSimulator.ActiveCfg = Debug|Any CPU
		{EC10D27E-FD08-4750-841C-C684D3D37013}.Debug|iPhoneSimulator.Build.0 = Debug|Any CPU
		{EC10D27E-FD08-4750-841C-C684D3D37013}.Debug|iPhoneSimulator.Deploy.0 = Debug|Any CPU
		{EC10D27E-FD08-4750-841C-C684D3D37013}.Release|Any CPU.ActiveCfg = Release|Any CPU
		{EC10D27E-FD08-4750-841C-C684D3D37013}.Release|Any CPU.Build.0 = Release|Any CPU
		{EC10D27E-FD08-4750-841C-C684D3D37013}.Release|Any CPU.Deploy.0 = Release|Any CPU
		{EC10D27E-FD08-4750-841C-C684D3D37013}.Release|iPhone.ActiveCfg = Release|Any CPU
		{EC10D27E-FD08-4750-841C-C684D3D37013}.Release|iPhone.Build.0 = Release|Any CPU
		{EC10D27E-FD08-4750-841C-C684D3D37013}.Release|iPhone.Deploy.0 = Release|Any CPU
		{EC10D27E-FD08-4750-841C-C684D3D37013}.Release|iPhoneSimulator.ActiveCfg = Release|Any CPU
		{EC10D27E-FD08-4750-841C-C684D3D37013}.Release|iPhoneSimulator.Build.0 = Release|Any CPU
		{EC10D27E-FD08-4750-841C-C684D3D37013}.Release|iPhoneSimulator.Deploy.0 = Release|Any CPU
	EndGlobalSection
	GlobalSection(SolutionProperties) = preSolution
		HideSolutionNode = FALSE
	EndGlobalSection
	GlobalSection(ExtensibilityGlobals) = postSolution
		SolutionGuid = {44F28995-FF4D-4C90-AA0C-66E6E7474DDC}
	EndGlobalSection
EndGlobal
